version: 1
fingerprint: sha256:4ff77c641c13cee0c42a2c253ab0f0985b4a1d8069842426a185f04449bc4402
cli_version: 0.27.2
inputs:
- path: .specify/project.yaml
  sha256: e1448a1b2fdc490b2dd40919f67d015c20acb16ba51dcd23bd6d630414dc4a22
- path: dev:fixture.wasm
  sha256: be86166bf1f832664ed6a328f786d7d77bc1ec5405009fae932644ad626aae27
fences:
  body_sha256: sha256:f324da8abb9c8d7da150bb6449f7dc6331eb43a036d8b622032450ff15248afe
